// !$*UTF8*$!
{
	archiveVersion = 1;
	classes = {
	};
	objectVersion = 55;
	objects = {

/* Begin PBXBuildFile section */
		5DFF7AB42850EB850021A641 /* RamenApp.swift in Sources */ = {isa = PBXBuildFile; fileRef = 5DFF7AB32850EB850021A641 /* RamenApp.swift */; };
		5DFF7AB62850EB850021A641 /* ContentView.swift in Sources */ = {isa = PBXBuildFile; fileRef = 5DFF7AB52850EB850021A641 /* ContentView.swift */; };
		5DFF7AB82850EB860021A641 /* Assets.xcassets in Resources */ = {isa = PBXBuildFile; fileRef = 5DFF7AB72850EB860021A641 /* Assets.xcassets */; };
		5DFF7ABB2850EB860021A641 /* Preview Assets.xcassets in Resources */ = {isa = PBXBuildFile; fileRef = 5DFF7ABA2850EB860021A641 /* Preview Assets.xcassets */; };
		5DFF7ABD2850EB860021A641 /* Persistence.swift in Sources */ = {isa = PBXBuildFile; fileRef = 5DFF7ABC2850EB860021A641 /* Persistence.swift */; };
		5DFF7AC02850EB860021A641 /* Ramen.xcdatamodeld in Sources */ = {isa = PBXBuildFile; fileRef = 5DFF7ABE2850EB860021A641 /* Ramen.xcdatamodeld */; };
		5DFF7ACA2850EB860021A641 /* RamenTests.swift in Sources */ = {isa = PBXBuildFile; fileRef = 5DFF7AC92850EB860021A641 /* RamenTests.swift */; };
		5DFF7AD42850EB860021A641 /* RamenUITests.swift in Sources */ = {isa = PBXBuildFile; fileRef = 5DFF7AD32850EB860021A641 /* RamenUITests.swift */; };
		5DFF7AD62850EB860021A641 /* RamenUITestsLaunchTests.swift in Sources */ = {isa = PBXBuildFile; fileRef = 5DFF7AD52850EB860021A641 /* RamenUITestsLaunchTests.swift */; };
/* End PBXBuildFile section */

/* Begin PBXContainerItemProxy section */
		5DFF7AC62850EB860021A641 /* PBXContainerItemProxy */ = {
			isa = PBXContainerItemProxy;
			containerPortal = 5DFF7AA82850EB850021A641 /* Project object */;
			proxyType = 1;
			remoteGlobalIDString = 5DFF7AAF2850EB850021A641;
			remoteInfo = Ramen;
		};
		5DFF7AD02850EB860021A641 /* PBXContainerItemProxy */ = {
			isa = PBXContainerItemProxy;
			containerPortal = 5DFF7AA82850EB850021A641 /* Project object */;
			proxyType = 1;
			remoteGlobalIDString = 5DFF7AAF2850EB850021A641;
			remoteInfo = Ramen;
		};
/* End PBXContainerItemProxy section */

/* Begin PBXFileReference section */
		5DFF7AB02850EB850021A641 /* Ramen.app */ = {isa = PBXFileReference; explicitFileType = wrapper.application; includeInIndex = 0; path = Ramen.app; sourceTree = BUILT_PRODUCTS_DIR; };
		5DFF7AB32850EB850021A641 /* RamenApp.swift */ = {isa = PBXFileReference; lastKnownFileType = sourcecode.swift; path = RamenApp.swift; sourceTree = "<group>"; };
		5DFF7AB52850EB850021A641 /* ContentView.swift */ = {isa = PBXFileReference; lastKnownFileType = sourcecode.swift; path = ContentView.swift; sourceTree = "<group>"; };
		5DFF7AB72850EB860021A641 /* Assets.xcassets */ = {isa = PBXFileReference; lastKnownFileType = folder.assetcatalog; path = Assets.xcassets; sourceTree = "<group>"; };
		5DFF7ABA2850EB860021A641 /* Preview Assets.xcassets */ = {isa = PBXFileReference; lastKnownFileType = folder.assetcatalog; path = "Preview Assets.xcassets"; sourceTree = "<group>"; };
		5DFF7ABC2850EB860021A641 /* Persistence.swift */ = {isa = PBXFileReference; lastKnownFileType = sourcecode.swift; path = Persistence.swift; sourceTree = "<group>"; };
		5DFF7ABF2850EB860021A641 /* Ramen.xcdatamodel */ = {isa = PBXFileReference; lastKnownFileType = wrapper.xcdatamodel; path = Ramen.xcdatamodel; sourceTree = "<group>"; };
		5DFF7AC52850EB860021A641 /* RamenTests.xctest */ = {isa = PBXFileReference; explicitFileType = wrapper.cfbundle; includeInIndex = 0; path = RamenTests.xctest; sourceTree = BUILT_PRODUCTS_DIR; };
		5DFF7AC92850EB860021A641 /* RamenTests.swift */ = {isa = PBXFileReference; lastKnownFileType = sourcecode.swift; path = RamenTests.swift; sourceTree = "<group>"; };
		5DFF7ACF2850EB860021A641 /* RamenUITests.xctest */ = {isa = PBXFileReference; explicitFileType = wrapper.cfbundle; includeInIndex = 0; path = RamenUITests.xctest; sourceTree = BUILT_PRODUCTS_DIR; };
		5DFF7AD32850EB860021A641 /* RamenUITests.swift */ = {isa = PBXFileReference; lastKnownFileType = sourcecode.swift; path = RamenUITests.swift; sourceTree = "<group>"; };
		5DFF7AD52850EB860021A641 /* RamenUITestsLaunchTests.swift */ = {isa = PBXFileReference; lastKnownFileType = sourcecode.swift; path = RamenUITestsLaunchTests.swift; sourceTree = "<group>"; };
/* End PBXFileReference section */

/* Begin PBXFrameworksBuildPhase section */
		5DFF7AAD2850EB850021A641 /* Frameworks */ = {
			isa = PBXFrameworksBuildPhase;
			buildActionMask = 2147483647;
			files = (
			);
			runOnlyForDeploymentPostprocessing = 0;
		};
		5DFF7AC22850EB860021A641 /* Frameworks */ = {
			isa = PBXFrameworksBuildPhase;
			buildActionMask = 2147483647;
			files = (
			);
			runOnlyForDeploymentPostprocessing = 0;
		};
		5DFF7ACC2850EB860021A641 /* Frameworks */ = {
			isa = PBXFrameworksBuildPhase;
			buildActionMask = 2147483647;
			files = (
			);
			runOnlyForDeploymentPostprocessing = 0;
		};
/* End PBXFrameworksBuildPhase section */

/* Begin PBXGroup section */
		5DFF7AA72850EB850021A641 = {
			isa = PBXGroup;
			children = (
				5DFF7AB22850EB850021A641 /* Ramen */,
				5DFF7AC82850EB860021A641 /* RamenTests */,
				5DFF7AD22850EB860021A641 /* RamenUITests */,
				5DFF7AB12850EB850021A641 /* Products */,
			);
			sourceTree = "<group>";
		};
		5DFF7AB12850EB850021A641 /* Products */ = {
			isa = PBXGroup;
			children = (
				5DFF7AB02850EB850021A641 /* Ramen.app */,
				5DFF7AC52850EB860021A641 /* RamenTests.xctest */,
				5DFF7ACF2850EB860021A641 /* RamenUITests.xctest */,
			);
			name = Products;
			sourceTree = "<group>";
		};
		5DFF7AB22850EB850021A641 /* Ramen */ = {
			isa = PBXGroup;
			children = (
				5DFF7AB32850EB850021A641 /* RamenApp.swift */,
				5DFF7AB52850EB850021A641 /* ContentView.swift */,
				5DFF7AB72850EB860021A641 /* Assets.xcassets */,
				5DFF7ABC2850EB860021A641 /* Persistence.swift */,
				5DFF7ABE2850EB860021A641 /* Ramen.xcdatamodeld */,
				5DFF7AB92850EB860021A641 /* Preview Content */,
			);
			path = Ramen;
			sourceTree = "<group>";
		};
		5DFF7AB92850EB860021A641 /* Preview Content */ = {
			isa = PBXGroup;
			children = (
				5DFF7ABA2850EB860021A641 /* Preview Assets.xcassets */,
			);
			path = "Preview Content";
			sourceTree = "<group>";
		};
		5DFF7AC82850EB860021A641 /* RamenTests */ = {
			isa = PBXGroup;
			children = (
				5DFF7AC92850EB860021A641 /* RamenTests.swift */,
			);
			path = RamenTests;
			sourceTree = "<group>";
		};
		5DFF7AD22850EB860021A641 /* RamenUITests */ = {
			isa = PBXGroup;
			children = (
				5DFF7AD32850EB860021A641 /* RamenUITests.swift */,
				5DFF7AD52850EB860021A641 /* RamenUITestsLaunchTests.swift */,
			);
			path = RamenUITests;
			sourceTree = "<group>";
		};
/* End PBXGroup section */

/* Begin PBXNativeTarget section */
		5DFF7AAF2850EB850021A641 /* Ramen */ = {
			isa = PBXNativeTarget;
			buildConfigurationList = 5DFF7AD92850EB860021A641 /* Build configuration list for PBXNativeTarget "Ramen" */;
			buildPhases = (
				5DFF7AAC2850EB850021A641 /* Sources */,
				5DFF7AAD2850EB850021A641 /* Frameworks */,
				5DFF7AAE2850EB850021A641 /* Resources */,
			);
			buildRules = (
			);
			dependencies = (
			);
			name = Ramen;
			productName = Ramen;
			productReference = 5DFF7AB02850EB850021A641 /* Ramen.app */;
			productType = "com.apple.product-type.application";
		};
		5DFF7AC42850EB860021A641 /* RamenTests */ = {
			isa = PBXNativeTarget;
			buildConfigurationList = 5DFF7ADC2850EB860021A641 /* Build configuration list for PBXNativeTarget "RamenTests" */;
			buildPhases = (
				5DFF7AC12850EB860021A641 /* Sources */,
				5DFF7AC22850EB860021A641 /* Frameworks */,
				5DFF7AC32850EB860021A641 /* Resources */,
			);
			buildRules = (
			);
			dependencies = (
				5DFF7AC72850EB860021A641 /* PBXTargetDependency */,
			);
			name = RamenTests;
			productName = RamenTests;
			productReference = 5DFF7AC52850EB860021A641 /* RamenTests.xctest */;
			productType = "com.apple.product-type.bundle.unit-test";
		};
		5DFF7ACE2850EB860021A641 /* RamenUITests */ = {
			isa = PBXNativeTarget;
			buildConfigurationList = 5DFF7ADF2850EB860021A641 /* Build configuration list for PBXNativeTarget "RamenUITests" */;
			buildPhases = (
				5DFF7ACB2850EB860021A641 /* Sources */,
				5DFF7ACC2850EB860021A641 /* Frameworks */,
				5DFF7ACD2850EB860021A641 /* Resources */,
			);
			buildRules = (
			);
			dependencies = (
				5DFF7AD12850EB860021A641 /* PBXTargetDependency */,
			);
			name = RamenUITests;
			productName = RamenUITests;
			productReference = 5DFF7ACF2850EB860021A641 /* RamenUITests.xctest */;
			productType = "com.apple.product-type.bundle.ui-testing";
		};
/* End PBXNativeTarget section */

/* Begin PBXProject section */
		5DFF7AA82850EB850021A641 /* Project object */ = {
			isa = PBXProject;
			attributes = {
				BuildIndependentTargetsInParallel = 1;
				LastSwiftUpdateCheck = 1340;
				LastUpgradeCheck = 1340;
				TargetAttributes = {
					5DFF7AAF2850EB850021A641 = {
						CreatedOnToolsVersion = 13.4.1;
					};
					5DFF7AC42850EB860021A641 = {
						CreatedOnToolsVersion = 13.4.1;
						TestTargetID = 5DFF7AAF2850EB850021A641;
					};
					5DFF7ACE2850EB860021A641 = {
						CreatedOnToolsVersion = 13.4.1;
						TestTargetID = 5DFF7AAF2850EB850021A641;
					};
				};
			};
			buildConfigurationList = 5DFF7AAB2850EB850021A641 /* Build configuration list for PBXProject "Ramen" */;
			compatibilityVersion = "Xcode 13.0";
			developmentRegion = en;
			hasScannedForEncodings = 0;
			knownRegions = (
				en,
				Base,
			);
			mainGroup = 5DFF7AA72850EB850021A641;
			productRefGroup = 5DFF7AB12850EB850021A641 /* Products */;
			projectDirPath = "";
			projectRoot = "";
			targets = (
				5DFF7AAF2850EB850021A641 /* Ramen */,
				5DFF7AC42850EB860021A641 /* RamenTests */,
				5DFF7ACE2850EB860021A641 /* RamenUITests */,
			);
		};
/* End PBXProject section */

/* Begin PBXResourcesBuildPhase section */
		5DFF7AAE2850EB850021A641 /* Resources */ = {
			isa = PBXResourcesBuildPhase;
			buildActionMask = 2147483647;
			files = (
				5DFF7ABB2850EB860021A641 /* Preview Assets.xcassets in Resources */,
				5DFF7AB82850EB860021A641 /* Assets.xcassets in Resources */,
			);
			runOnlyForDeploymentPostprocessing = 0;
		};
		5DFF7AC32850EB860021A641 /* Resources */ = {
			isa = PBXResourcesBuildPhase;
			buildActionMask = 2147483647;
			files = (
			);
			runOnlyForDeploymentPostprocessing = 0;
		};
		5DFF7ACD2850EB860021A641 /* Resources */ = {
			isa = PBXResourcesBuildPhase;
			buildActionMask = 2147483647;
			files = (
			);
			runOnlyForDeploymentPostprocessing = 0;
		};
/* End PBXResourcesBuildPhase section */

/* Begin PBXSourcesBuildPhase section */
		5DFF7AAC2850EB850021A641 /* Sources */ = {
			isa = PBXSourcesBuildPhase;
			buildActionMask = 2147483647;
			files = (
				5DFF7ABD2850EB860021A641 /* Persistence.swift in Sources */,
				5DFF7AC02850EB860021A641 /* Ramen.xcdatamodeld in Sources */,
				5DFF7AB62850EB850021A641 /* ContentView.swift in Sources */,
				5DFF7AB42850EB850021A641 /* RamenApp.swift in Sources */,
			);
			runOnlyForDeploymentPostprocessing = 0;
		};
		5DFF7AC12850EB860021A641 /* Sources */ = {
			isa = PBXSourcesBuildPhase;
			buildActionMask = 2147483647;
			files = (
				5DFF7ACA2850EB860021A641 /* RamenTests.swift in Sources */,
			);
			runOnlyForDeploymentPostprocessing = 0;
		};
		5DFF7ACB2850EB860021A641 /* Sources */ = {
			isa = PBXSourcesBuildPhase;
			buildActionMask = 2147483647;
			files = (
				5DFF7AD62850EB860021A641 /* RamenUITestsLaunchTests.swift in Sources */,
				5DFF7AD42850EB860021A641 /* RamenUITests.swift in Sources */,
			);
			runOnlyForDeploymentPostprocessing = 0;
		};
/* End PBXSourcesBuildPhase section */

/* Begin PBXTargetDependency section */
		5DFF7AC72850EB860021A641 /* PBXTargetDependency */ = {
			isa = PBXTargetDependency;
			target = 5DFF7AAF2850EB850021A641 /* Ramen */;
			targetProxy = 5DFF7AC62850EB860021A641 /* PBXContainerItemProxy */;
		};
		5DFF7AD12850EB860021A641 /* PBXTargetDependency */ = {
			isa = PBXTargetDependency;
			target = 5DFF7AAF2850EB850021A641 /* Ramen */;
			targetProxy = 5DFF7AD02850EB860021A641 /* PBXContainerItemProxy */;
		};
/* End PBXTargetDependency section */

/* Begin XCBuildConfiguration section */
		5DFF7AD72850EB860021A641 /* Debug */ = {
			isa = XCBuildConfiguration;
			buildSettings = {
				ALWAYS_SEARCH_USER_PATHS = NO;
				CLANG_ANALYZER_NONNULL = YES;
				CLANG_ANALYZER_NUMBER_OBJECT_CONVERSION = YES_AGGRESSIVE;
				CLANG_CXX_LANGUAGE_STANDARD = "gnu++17";
				CLANG_ENABLE_MODULES = YES;
				CLANG_ENABLE_OBJC_ARC = YES;
				CLANG_ENABLE_OBJC_WEAK = YES;
				CLANG_WARN_BLOCK_CAPTURE_AUTORELEASING = YES;
				CLANG_WARN_BOOL_CONVERSION = YES;
				CLANG_WARN_COMMA = YES;
				CLANG_WARN_CONSTANT_CONVERSION = YES;
				CLANG_WARN_DEPRECATED_OBJC_IMPLEMENTATIONS = YES;
				CLANG_WARN_DIRECT_OBJC_ISA_USAGE = YES_ERROR;
				CLANG_WARN_DOCUMENTATION_COMMENTS = YES;
				CLANG_WARN_EMPTY_BODY = YES;
				CLANG_WARN_ENUM_CONVERSION = YES;
				CLANG_WARN_INFINITE_RECURSION = YES;
				CLANG_WARN_INT_CONVERSION = YES;
				CLANG_WARN_NON_LITERAL_NULL_CONVERSION = YES;
				CLANG_WARN_OBJC_IMPLICIT_RETAIN_SELF = YES;
				CLANG_WARN_OBJC_LITERAL_CONVERSION = YES;
				CLANG_WARN_OBJC_ROOT_CLASS = YES_ERROR;
				CLANG_WARN_QUOTED_INCLUDE_IN_FRAMEWORK_HEADER = YES;
				CLANG_WARN_RANGE_LOOP_ANALYSIS = YES;
				CLANG_WARN_STRICT_PROTOTYPES = YES;
				CLANG_WARN_SUSPICIOUS_MOVE = YES;
				CLANG_WARN_UNGUARDED_AVAILABILITY = YES_AGGRESSIVE;
				CLANG_WARN_UNREACHABLE_CODE = YES;
				CLANG_WARN__DUPLICATE_METHOD_MATCH = YES;
				COPY_PHASE_STRIP = NO;
				DEBUG_INFORMATION_FORMAT = dwarf;
				ENABLE_STRICT_OBJC_MSGSEND = YES;
				ENABLE_TESTABILITY = YES;
				GCC_C_LANGUAGE_STANDARD = gnu11;
				GCC_DYNAMIC_NO_PIC = NO;
				GCC_NO_COMMON_BLOCKS = YES;
				GCC_OPTIMIZATION_LEVEL = 0;
				GCC_PREPROCESSOR_DEFINITIONS = (
					"DEBUG=1",
					"$(inherited)",
				);
				GCC_WARN_64_TO_32_BIT_CONVERSION = YES;
				GCC_WARN_ABOUT_RETURN_TYPE = YES_ERROR;
				GCC_WARN_UNDECLARED_SELECTOR = YES;
				GCC_WARN_UNINITIALIZED_AUTOS = YES_AGGRESSIVE;
				GCC_WARN_UNUSED_FUNCTION = YES;
				GCC_WARN_UNUSED_VARIABLE = YES;
				IPHONEOS_DEPLOYMENT_TARGET = 15.5;
				MTL_ENABLE_DEBUG_INFO = INCLUDE_SOURCE;
				MTL_FAST_MATH = YES;
				ONLY_ACTIVE_ARCH = YES;
				SDKROOT = iphoneos;
				SWIFT_ACTIVE_COMPILATION_CONDITIONS = DEBUG;
				SWIFT_OPTIMIZATION_LEVEL = "-Onone";
			};
			name = Debug;
		};
		5DFF7AD82850EB860021A641 /* Release */ = {
			isa = XCBuildConfiguration;
			buildSettings = {
				ALWAYS_SEARCH_USER_PATHS = NO;
				CLANG_ANALYZER_NONNULL = YES;
				CLANG_ANALYZER_NUMBER_OBJECT_CONVERSION = YES_AGGRESSIVE;
				CLANG_CXX_LANGUAGE_STANDARD = "gnu++17";
				CLANG_ENABLE_MODULES = YES;
				CLANG_ENABLE_OBJC_ARC = YES;
				CLANG_ENABLE_OBJC_WEAK = YES;
				CLANG_WARN_BLOCK_CAPTURE_AUTORELEASING = YES;
				CLANG_WARN_BOOL_CONVERSION = YES;
				CLANG_WARN_COMMA = YES;
				CLANG_WARN_CONSTANT_CONVERSION = YES;
				CLANG_WARN_DEPRECATED_OBJC_IMPLEMENTATIONS = YES;
				CLANG_WARN_DIRECT_OBJC_ISA_USAGE = YES_ERROR;
				CLANG_WARN_DOCUMENTATION_COMMENTS = YES;
				CLANG_WARN_EMPTY_BODY = YES;
				CLANG_WARN_ENUM_CONVERSION = YES;
				CLANG_WARN_INFINITE_RECURSION = YES;
				CLANG_WARN_INT_CONVERSION = YES;
				CLANG_WARN_NON_LITERAL_NULL_CONVERSION = YES;
				CLANG_WARN_OBJC_IMPLICIT_RETAIN_SELF = YES;
				CLANG_WARN_OBJC_LITERAL_CONVERSION = YES;
				CLANG_WARN_OBJC_ROOT_CLASS = YES_ERROR;
				CLANG_WARN_QUOTED_INCLUDE_IN_FRAMEWORK_HEADER = YES;
				CLANG_WARN_RANGE_LOOP_ANALYSIS = YES;
				CLANG_WARN_STRICT_PROTOTYPES = YES;
				CLANG_WARN_SUSPICIOUS_MOVE = YES;
				CLANG_WARN_UNGUARDED_AVAILABILITY = YES_AGGRESSIVE;
				CLANG_WARN_UNREACHABLE_CODE = YES;
				CLANG_WARN__DUPLICATE_METHOD_MATCH = YES;
				COPY_PHASE_STRIP = NO;
				DEBUG_INFORMATION_FORMAT = "dwarf-with-dsym";
				ENABLE_NS_ASSERTIONS = NO;
				ENABLE_STRICT_OBJC_MSGSEND = YES;
				GCC_C_LANGUAGE_STANDARD = gnu11;
				GCC_NO_COMMON_BLOCKS = YES;
				GCC_WARN_64_TO_32_BIT_CONVERSION = YES;
				GCC_WARN_ABOUT_RETURN_TYPE = YES_ERROR;
				GCC_WARN_UNDECLARED_SELECTOR = YES;
				GCC_WARN_UNINITIALIZED_AUTOS = YES_AGGRESSIVE;
				GCC_WARN_UNUSED_FUNCTION = YES;
				GCC_WARN_UNUSED_VARIABLE = YES;
				IPHONEOS_DEPLOYMENT_TARGET = 15.5;
				MTL_ENABLE_DEBUG_INFO = NO;
				MTL_FAST_MATH = YES;
				SDKROOT = iphoneos;
				SWIFT_COMPILATION_MODE = wholemodule;
				SWIFT_OPTIMIZATION_LEVEL = "-O";
				VALIDATE_PRODUCT = YES;
			};
			name = Release;
		};
		5DFF7ADA2850EB860021A641 /* Debug */ = {
			isa = XCBuildConfiguration;
			buildSettings = {
				ASSETCATALOG_COMPILER_APPICON_NAME = AppIcon;
				ASSETCATALOG_COMPILER_GLOBAL_ACCENT_COLOR_NAME = AccentColor;
				CODE_SIGN_STYLE = Automatic;
				CURRENT_PROJECT_VERSION = 1;
				DEVELOPMENT_ASSET_PATHS = "\"Ramen/Preview Content\"";
				DEVELOPMENT_TEAM = 5C8BW74VG3;
				ENABLE_PREVIEWS = YES;
				GENERATE_INFOPLIST_FILE = YES;
				INFOPLIST_KEY_UIApplicationSceneManifest_Generation = YES;
				INFOPLIST_KEY_UIApplicationSupportsIndirectInputEvents = YES;
				INFOPLIST_KEY_UILaunchScreen_Generation = YES;
				INFOPLIST_KEY_UISupportedInterfaceOrientations_iPad = "UIInterfaceOrientationPortrait UIInterfaceOrientationPortraitUpsideDown UIInterfaceOrientationLandscapeLeft UIInterfaceOrientationLandscapeRight";
				INFOPLIST_KEY_UISupportedInterfaceOrientations_iPhone = "UIInterfaceOrientationPortrait UIInterfaceOrientationLandscapeLeft UIInterfaceOrientationLandscapeRight";
				LD_RUNPATH_SEARCH_PATHS = (
					"$(inherited)",
					"@executable_path/Frameworks",
				);
				MARKETING_VERSION = 1.0;
				PRODUCT_BUNDLE_IDENTIFIER = com.asabharwal.Ramen;
				PRODUCT_NAME = "$(TARGET_NAME)";
				SWIFT_EMIT_LOC_STRINGS = YES;
				SWIFT_VERSION = 5.0;
				TARGETED_DEVICE_FAMILY = "1,2";
			};
			name = Debug;
		};
		5DFF7ADB2850EB860021A641 /* Release */ = {
			isa = XCBuildConfiguration;
			buildSettings = {
				ASSETCATALOG_COMPILER_APPICON_NAME = AppIcon;
				ASSETCATALOG_COMPILER_GLOBAL_ACCENT_COLOR_NAME = AccentColor;
				CODE_SIGN_STYLE = Automatic;
				CURRENT_PROJECT_VERSION = 1;
				DEVELOPMENT_ASSET_PATHS = "\"Ramen/Preview Content\"";
				DEVELOPMENT_TEAM = 5C8BW74VG3;
				ENABLE_PREVIEWS = YES;
				GENERATE_INFOPLIST_FILE = YES;
				INFOPLIST_KEY_UIApplicationSceneManifest_Generation = YES;
				INFOPLIST_KEY_UIApplicationSupportsIndirectInputEvents = YES;
				INFOPLIST_KEY_UILaunchScreen_Generation = YES;
				INFOPLIST_KEY_UISupportedInterfaceOrientations_iPad = "UIInterfaceOrientationPortrait UIInterfaceOrientationPortraitUpsideDown UIInterfaceOrientationLandscapeLeft UIInterfaceOrientationLandscapeRight";
				INFOPLIST_KEY_UISupportedInterfaceOrientations_iPhone = "UIInterfaceOrientationPortrait UIInterfaceOrientationLandscapeLeft UIInterfaceOrientationLandscapeRight";
				LD_RUNPATH_SEARCH_PATHS = (
					"$(inherited)",
					"@executable_path/Frameworks",
				);
				MARKETING_VERSION = 1.0;
				PRODUCT_BUNDLE_IDENTIFIER = com.asabharwal.Ramen;
				PRODUCT_NAME = "$(TARGET_NAME)";
				SWIFT_EMIT_LOC_STRINGS = YES;
				SWIFT_VERSION = 5.0;
				TARGETED_DEVICE_FAMILY = "1,2";
			};
			name = Release;
		};
		5DFF7ADD2850EB860021A641 /* Debug */ = {
			isa = XCBuildConfiguration;
			buildSettings = {
				ALWAYS_EMBED_SWIFT_STANDARD_LIBRARIES = YES;
				BUNDLE_LOADER = "$(TEST_HOST)";
				CODE_SIGN_STYLE = Automatic;
				CURRENT_PROJECT_VERSION = 1;
				DEVELOPMENT_TEAM = 5C8BW74VG3;
				GENERATE_INFOPLIST_FILE = YES;
				IPHONEOS_DEPLOYMENT_TARGET = 15.5;
				MARKETING_VERSION = 1.0;
				PRODUCT_BUNDLE_IDENTIFIER = com.asabharwal.RamenTests;
				PRODUCT_NAME = "$(TARGET_NAME)";
				SWIFT_EMIT_LOC_STRINGS = NO;
				SWIFT_VERSION = 5.0;
				TARGETED_DEVICE_FAMILY = "1,2";
				TEST_HOST = "$(BUILT_PRODUCTS_DIR)/Ramen.app/Ramen";
			};
			name = Debug;
		};
		5DFF7ADE2850EB860021A641 /* Release */ = {
			isa = XCBuildConfiguration;
			buildSettings = {
				ALWAYS_EMBED_SWIFT_STANDARD_LIBRARIES = YES;
				BUNDLE_LOADER = "$(TEST_HOST)";
				CODE_SIGN_STYLE = Automatic;
				CURRENT_PROJECT_VERSION = 1;
				DEVELOPMENT_TEAM = 5C8BW74VG3;
				GENERATE_INFOPLIST_FILE = YES;
				IPHONEOS_DEPLOYMENT_TARGET = 15.5;
				MARKETING_VERSION = 1.0;
				PRODUCT_BUNDLE_IDENTIFIER = com.asabharwal.RamenTests;
				PRODUCT_NAME = "$(TARGET_NAME)";
				SWIFT_EMIT_LOC_STRINGS = NO;
				SWIFT_VERSION = 5.0;
				TARGETED_DEVICE_FAMILY = "1,2";
				TEST_HOST = "$(BUILT_PRODUCTS_DIR)/Ramen.app/Ramen";
			};
			name = Release;
		};
		5DFF7AE02850EB860021A641 /* Debug */ = {
			isa = XCBuildConfiguration;
			buildSettings = {
				ALWAYS_EMBED_SWIFT_STANDARD_LIBRARIES = YES;
				CODE_SIGN_STYLE = Automatic;
				CURRENT_PROJECT_VERSION = 1;
				DEVELOPMENT_TEAM = 5C8BW74VG3;
				GENERATE_INFOPLIST_FILE = YES;
				MARKETING_VERSION = 1.0;
				PRODUCT_BUNDLE_IDENTIFIER = com.asabharwal.RamenUITests;
				PRODUCT_NAME = "$(TARGET_NAME)";
				SWIFT_EMIT_LOC_STRINGS = NO;
				SWIFT_VERSION = 5.0;
				TARGETED_DEVICE_FAMILY = "1,2";
				TEST_TARGET_NAME = Ramen;
			};
			name = Debug;
		};
		5DFF7AE12850EB860021A641 /* Release */ = {
			isa = XCBuildConfiguration;
			buildSettings = {
				ALWAYS_EMBED_SWIFT_STANDARD_LIBRARIES = YES;
				CODE_SIGN_STYLE = Automatic;
				CURRENT_PROJECT_VERSION = 1;
				DEVELOPMENT_TEAM = 5C8BW74VG3;
				GENERATE_INFOPLIST_FILE = YES;
				MARKETING_VERSION = 1.0;
				PRODUCT_BUNDLE_IDENTIFIER = com.asabharwal.RamenUITests;
				PRODUCT_NAME = "$(TARGET_NAME)";
				SWIFT_EMIT_LOC_STRINGS = NO;
				SWIFT_VERSION = 5.0;
				TARGETED_DEVICE_FAMILY = "1,2";
				TEST_TARGET_NAME = Ramen;
			};
			name = Release;
		};
/* End XCBuildConfiguration section */

/* Begin XCConfigurationList section */
		5DFF7AAB2850EB850021A641 /* Build configuration list for PBXProject "Ramen" */ = {
			isa = XCConfigurationList;
			buildConfigurations = (
				5DFF7AD72850EB860021A641 /* Debug */,
				5DFF7AD82850EB860021A641 /* Release */,
			);
			defaultConfigurationIsVisible = 0;
			defaultConfigurationName = Release;
		};
		5DFF7AD92850EB860021A641 /* Build configuration list for PBXNativeTarget "Ramen" */ = {
			isa = XCConfigurationList;
			buildConfigurations = (
				5DFF7ADA2850EB860021A641 /* Debug */,
				5DFF7ADB2850EB860021A641 /* Release */,
			);
			defaultConfigurationIsVisible = 0;
			defaultConfigurationName = Release;
		};
		5DFF7ADC2850EB860021A641 /* Build configuration list for PBXNativeTarget "RamenTests" */ = {
			isa = XCConfigurationList;
			buildConfigurations = (
				5DFF7ADD2850EB860021A641 /* Debug */,
				5DFF7ADE2850EB860021A641 /* Release */,
			);
			defaultConfigurationIsVisible = 0;
			defaultConfigurationName = Release;
		};
		5DFF7ADF2850EB860021A641 /* Build configuration list for PBXNativeTarget "RamenUITests" */ = {
			isa = XCConfigurationList;
			buildConfigurations = (
				5DFF7AE02850EB860021A641 /* Debug */,
				5DFF7AE12850EB860021A641 /* Release */,
			);
			defaultConfigurationIsVisible = 0;
			defaultConfigurationName = Release;
		};
/* End XCConfigurationList section */

/* Begin XCVersionGroup section */
		5DFF7ABE2850EB860021A641 /* Ramen.xcdatamodeld */ = {
			isa = XCVersionGroup;
			children = (
				5DFF7ABF2850EB860021A641 /* Ramen.xcdatamodel */,
			);
			currentVersion = 5DFF7ABF2850EB860021A641 /* Ramen.xcdatamodel */;
			path = Ramen.xcdatamodeld;
			sourceTree = "<group>";
			versionGroupType = wrapper.xcdatamodel;
		};
/* End XCVersionGroup section */
	};
	rootObject = 5DFF7AA82850EB850021A641 /* Project object */;
}
